
Microsoft Visual Studio Solution File, Format Version 12.00
# Visual Studio 15
VisualStudioVersion = 15.0.27703.2035
MinimumVisualStudioVersion = 10.0.40219.1
Project("{FAE04EC0-301F-11D3-BF4B-00C04F79EFBC}") = "MyTemplateMethod", "MyTemplateMethod\MyTemplateMethod.csproj", "{D780467C-9340-42AF-B9DB-0AE02F3139FB}"
EndProject
Global
	GlobalSection(SolutionConfigurationPlatforms) = preSolution
		Debug|Any CPU = Debug|Any CPU
		Release|Any CPU = Release|Any CPU
	EndGlobalSection
	GlobalSection(ProjectConfigurationPlatforms) = postSolution
		{D780467C-9340-42AF-B9DB-0AE02F3139FB}.Debug|Any CPU.ActiveCfg = Debug|Any CPU
		{D780467C-9340-42AF-B9DB-0AE02F3139FB}.Debug|Any CPU.Build.0 = Debug|Any CPU
		{D780467C-9340-42AF-B9DB-0AE02F3139FB}.Release|Any CPU.ActiveCfg = Release|Any CPU
		{D780467C-9340-42AF-B9DB-0AE02F3139FB}.Release|Any CPU.Build.0 = Release|Any CPU
	EndGlobalSection
	GlobalSection(SolutionProperties) = preSolution
		HideSolutionNode = FALSE
	EndGlobalSection
	GlobalSection(ExtensibilityGlobals) = postSolution
		SolutionGuid = {C8464E53-94D3-434A-B1E2-1D5CBE2E55F3}
	EndGlobalSection
EndGlobal
